
Microsoft Visual Studio Solution File, Format Version 12.00
# Visual Studio Version 16
VisualStudioVersion = 16.0.28606.126
MinimumVisualStudioVersion = 10.0.40219.1
Project("{9A19103F-16F7-4668-BE54-9A1E7A4F7556}") = "HostCoreDocker", "HostCoreDocker\HostCoreDocker.csproj", "{98C380C5-5EF1-4B7A-9B93-4E43DBDB26BE}"
EndProject
Global
	GlobalSection(SolutionConfigurationPlatforms) = preSolution
		Debug|Any CPU = Debug|Any CPU
		Release|Any CPU = Release|Any CPU
	EndGlobalSection
	GlobalSection(ProjectConfigurationPlatforms) = postSolution
		{98C380C5-5EF1-4B7A-9B93-4E43DBDB26BE}.Debug|Any CPU.ActiveCfg = Debug|Any CPU
		{98C380C5-5EF1-4B7A-9B93-4E43DBDB26BE}.Debug|Any CPU.Build.0 = Debug|Any CPU
		{98C380C5-5EF1-4B7A-9B93-4E43DBDB26BE}.Release|Any CPU.ActiveCfg = Release|Any CPU
		{98C380C5-5EF1-4B7A-9B93-4E43DBDB26BE}.Release|Any CPU.Build.0 = Release|Any CPU
	EndGlobalSection
	GlobalSection(SolutionProperties) = preSolution
		HideSolutionNode = FALSE
	EndGlobalSection
	GlobalSection(ExtensibilityGlobals) = postSolution
		SolutionGuid = {A8DADB85-0549-40C0-B042-9B06B8CF859F}
	EndGlobalSection
EndGlobal
